
Microsoft Visual Studio Solution File, Format Version 12.00
# Visual Studio Version 16
VisualStudioVersion = 16.0.30114.105
MinimumVisualStudioVersion = 10.0.40219.1
Project("{2150E333-8FDC-42A3-9474-1A3956D46DE8}") = "src", "src", "{DBFD0898-B6FF-4C59-B1D8-1C7E0A7CFC5D}"
EndProject
Project("{FAE04EC0-301F-11D3-BF4B-00C04F79EFBC}") = "Domain", "src\Domain\Domain.csproj", "{4AE672C9-6614-4195-A5AF-8344C697DD0A}"
EndProject
Project("{FAE04EC0-301F-11D3-BF4B-00C04F79EFBC}") = "Domain.Test", "src\Domain.Test\Domain.Test.csproj", "{81672B6D-5A6D-4A98-BDB7-B70FF40715EE}"
EndProject
Project("{FAE04EC0-301F-11D3-BF4B-00C04F79EFBC}") = "Persistence", "src\Persistence\Persistence.csproj", "{A8D14B54-33BE-4A08-ADFB-D9368D3CC187}"
EndProject
Project("{FAE04EC0-301F-11D3-BF4B-00C04F79EFBC}") = "Persistence.Test", "src\Persistence.Test\Persistence.Test.csproj", "{47F51F64-8AF4-428A-ADD1-362A7041C5FB}"
EndProject
Project("{FAE04EC0-301F-11D3-BF4B-00C04F79EFBC}") = "Common", "src\Common\Common.csproj", "{CA980960-D444-42A4-BB22-28BC213BD45F}"
EndProject
Project("{FAE04EC0-301F-11D3-BF4B-00C04F79EFBC}") = "Common.Test", "src\Common.Test\Common.Test.csproj", "{1C3BA75C-A426-48A3-89A4-DCFCF2521037}"
EndProject
Project("{FAE04EC0-301F-11D3-BF4B-00C04F79EFBC}") = "Simulator", "src\Simulator\Simulator.csproj", "{0DB99F6B-4C0B-4037-B3A7-E6074B0169C2}"
EndProject
Project("{FAE04EC0-301F-11D3-BF4B-00C04F79EFBC}") = "Simulator.Test", "src\Simulator.Test\Simulator.Test.csproj", "{9CFA62C9-13DD-433B-88D0-8180C7599E49}"
EndProject
Global
	GlobalSection(SolutionConfigurationPlatforms) = preSolution
		Debug|Any CPU = Debug|Any CPU
		Release|Any CPU = Release|Any CPU
	EndGlobalSection
	GlobalSection(SolutionProperties) = preSolution
		HideSolutionNode = FALSE
	EndGlobalSection
	GlobalSection(ProjectConfigurationPlatforms) = postSolution
		{4AE672C9-6614-4195-A5AF-8344C697DD0A}.Debug|Any CPU.ActiveCfg = Debug|Any CPU
		{4AE672C9-6614-4195-A5AF-8344C697DD0A}.Debug|Any CPU.Build.0 = Debug|Any CPU
		{4AE672C9-6614-4195-A5AF-8344C697DD0A}.Release|Any CPU.ActiveCfg = Release|Any CPU
		{4AE672C9-6614-4195-A5AF-8344C697DD0A}.Release|Any CPU.Build.0 = Release|Any CPU
		{81672B6D-5A6D-4A98-BDB7-B70FF40715EE}.Debug|Any CPU.ActiveCfg = Debug|Any CPU
		{81672B6D-5A6D-4A98-BDB7-B70FF40715EE}.Debug|Any CPU.Build.0 = Debug|Any CPU
		{81672B6D-5A6D-4A98-BDB7-B70FF40715EE}.Release|Any CPU.ActiveCfg = Release|Any CPU
		{81672B6D-5A6D-4A98-BDB7-B70FF40715EE}.Release|Any CPU.Build.0 = Release|Any CPU
		{A8D14B54-33BE-4A08-ADFB-D9368D3CC187}.Debug|Any CPU.ActiveCfg = Debug|Any CPU
		{A8D14B54-33BE-4A08-ADFB-D9368D3CC187}.Debug|Any CPU.Build.0 = Debug|Any CPU
		{A8D14B54-33BE-4A08-ADFB-D9368D3CC187}.Release|Any CPU.ActiveCfg = Release|Any CPU
		{A8D14B54-33BE-4A08-ADFB-D9368D3CC187}.Release|Any CPU.Build.0 = Release|Any CPU
		{47F51F64-8AF4-428A-ADD1-362A7041C5FB}.Debug|Any CPU.ActiveCfg = Debug|Any CPU
		{47F51F64-8AF4-428A-ADD1-362A7041C5FB}.Debug|Any CPU.Build.0 = Debug|Any CPU
		{47F51F64-8AF4-428A-ADD1-362A7041C5FB}.Release|Any CPU.ActiveCfg = Release|Any CPU
		{47F51F64-8AF4-428A-ADD1-362A7041C5FB}.Release|Any CPU.Build.0 = Release|Any CPU
		{CA980960-D444-42A4-BB22-28BC213BD45F}.Debug|Any CPU.ActiveCfg = Debug|Any CPU
		{CA980960-D444-42A4-BB22-28BC213BD45F}.Debug|Any CPU.Build.0 = Debug|Any CPU
		{CA980960-D444-42A4-BB22-28BC213BD45F}.Release|Any CPU.ActiveCfg = Release|Any CPU
		{CA980960-D444-42A4-BB22-28BC213BD45F}.Release|Any CPU.Build.0 = Release|Any CPU
		{1C3BA75C-A426-48A3-89A4-DCFCF2521037}.Debug|Any CPU.ActiveCfg = Debug|Any CPU
		{1C3BA75C-A426-48A3-89A4-DCFCF2521037}.Debug|Any CPU.Build.0 = Debug|Any CPU
		{1C3BA75C-A426-48A3-89A4-DCFCF2521037}.Release|Any CPU.ActiveCfg = Release|Any CPU
		{1C3BA75C-A426-48A3-89A4-DCFCF2521037}.Release|Any CPU.Build.0 = Release|Any CPU
		{0DB99F6B-4C0B-4037-B3A7-E6074B0169C2}.Debug|Any CPU.ActiveCfg = Debug|Any CPU
		{0DB99F6B-4C0B-4037-B3A7-E6074B0169C2}.Debug|Any CPU.Build.0 = Debug|Any CPU
		{0DB99F6B-4C0B-4037-B3A7-E6074B0169C2}.Release|Any CPU.ActiveCfg = Release|Any CPU
		{0DB99F6B-4C0B-4037-B3A7-E6074B0169C2}.Release|Any CPU.Build.0 = Release|Any CPU
		{9CFA62C9-13DD-433B-88D0-8180C7599E49}.Debug|Any CPU.ActiveCfg = Debug|Any CPU
		{9CFA62C9-13DD-433B-88D0-8180C7599E49}.Debug|Any CPU.Build.0 = Debug|Any CPU
		{9CFA62C9-13DD-433B-88D0-8180C7599E49}.Release|Any CPU.ActiveCfg = Release|Any CPU
		{9CFA62C9-13DD-433B-88D0-8180C7599E49}.Release|Any CPU.Build.0 = Release|Any CPU
	EndGlobalSection
	GlobalSection(NestedProjects) = preSolution
		{4AE672C9-6614-4195-A5AF-8344C697DD0A} = {DBFD0898-B6FF-4C59-B1D8-1C7E0A7CFC5D}
		{81672B6D-5A6D-4A98-BDB7-B70FF40715EE} = {DBFD0898-B6FF-4C59-B1D8-1C7E0A7CFC5D}
		{A8D14B54-33BE-4A08-ADFB-D9368D3CC187} = {DBFD0898-B6FF-4C59-B1D8-1C7E0A7CFC5D}
		{47F51F64-8AF4-428A-ADD1-362A7041C5FB} = {DBFD0898-B6FF-4C59-B1D8-1C7E0A7CFC5D}
		{CA980960-D444-42A4-BB22-28BC213BD45F} = {DBFD0898-B6FF-4C59-B1D8-1C7E0A7CFC5D}
		{1C3BA75C-A426-48A3-89A4-DCFCF2521037} = {DBFD0898-B6FF-4C59-B1D8-1C7E0A7CFC5D}
		{0DB99F6B-4C0B-4037-B3A7-E6074B0169C2} = {DBFD0898-B6FF-4C59-B1D8-1C7E0A7CFC5D}
		{9CFA62C9-13DD-433B-88D0-8180C7599E49} = {DBFD0898-B6FF-4C59-B1D8-1C7E0A7CFC5D}
	EndGlobalSection
EndGlobal
